{
  "name": "iad-web-consumer",
  "version": "0.1.0",
  "lockfileVersion": 3,
  "requires": true,
  "packages": {
    "": {
      "name": "iad-web-consumer",
      "version": "0.1.0",
      "dependencies": {
        "iad-eval-policy-pack": "1.0.0"
      }
    },
    "node_modules/iad-eval-policy-pack": {
      "version": "1.0.0",
      "license": "Apache-2.0"
    }
  }
}
